
Microsoft Visual Studio Solution File, Format Version 12.00
# Visual Studio 15
VisualStudioVersion = 15.0.28307.168
MinimumVisualStudioVersion = 10.0.40219.1
Project("{A07B5EB6-E848-4116-A8D0-A826331D98C6}") = "CorrelationId", "CorrelationId\CorrelationId.sfproj", "{AB73885B-D859-472F-A432-F1DC2EEFCAB3}"
EndProject
Project("{FAE04EC0-301F-11D3-BF4B-00C04F79EFBC}") = "CorrelationId.Api", "CorrelationId.Api\CorrelationId.Api.csproj", "{33F6153D-A8C5-46D3-B74A-CAF50A7D67E6}"
EndProject
Global
	GlobalSection(SolutionConfigurationPlatforms) = preSolution
		Debug|Any CPU = Debug|Any CPU
		Debug|x64 = Debug|x64
		Release|Any CPU = Release|Any CPU
		Release|x64 = Release|x64
	EndGlobalSection
	GlobalSection(ProjectConfigurationPlatforms) = postSolution
		{AB73885B-D859-472F-A432-F1DC2EEFCAB3}.Debug|Any CPU.ActiveCfg = Debug|x64
		{AB73885B-D859-472F-A432-F1DC2EEFCAB3}.Debug|x64.ActiveCfg = Debug|x64
		{AB73885B-D859-472F-A432-F1DC2EEFCAB3}.Debug|x64.Build.0 = Debug|x64
		{AB73885B-D859-472F-A432-F1DC2EEFCAB3}.Debug|x64.Deploy.0 = Debug|x64
		{AB73885B-D859-472F-A432-F1DC2EEFCAB3}.Release|Any CPU.ActiveCfg = Release|x64
		{AB73885B-D859-472F-A432-F1DC2EEFCAB3}.Release|x64.ActiveCfg = Release|x64
		{AB73885B-D859-472F-A432-F1DC2EEFCAB3}.Release|x64.Build.0 = Release|x64
		{AB73885B-D859-472F-A432-F1DC2EEFCAB3}.Release|x64.Deploy.0 = Release|x64
		{33F6153D-A8C5-46D3-B74A-CAF50A7D67E6}.Debug|Any CPU.ActiveCfg = Debug|Any CPU
		{33F6153D-A8C5-46D3-B74A-CAF50A7D67E6}.Debug|Any CPU.Build.0 = Debug|Any CPU
		{33F6153D-A8C5-46D3-B74A-CAF50A7D67E6}.Debug|x64.ActiveCfg = Debug|Any CPU
		{33F6153D-A8C5-46D3-B74A-CAF50A7D67E6}.Debug|x64.Build.0 = Debug|Any CPU
		{33F6153D-A8C5-46D3-B74A-CAF50A7D67E6}.Release|Any CPU.ActiveCfg = Release|Any CPU
		{33F6153D-A8C5-46D3-B74A-CAF50A7D67E6}.Release|Any CPU.Build.0 = Release|Any CPU
		{33F6153D-A8C5-46D3-B74A-CAF50A7D67E6}.Release|x64.ActiveCfg = Release|Any CPU
		{33F6153D-A8C5-46D3-B74A-CAF50A7D67E6}.Release|x64.Build.0 = Release|Any CPU
	EndGlobalSection
	GlobalSection(SolutionProperties) = preSolution
		HideSolutionNode = FALSE
	EndGlobalSection
	GlobalSection(ExtensibilityGlobals) = postSolution
		SolutionGuid = {B38F87AA-25ED-4D45-A64C-B681B49D19A7}
	EndGlobalSection
EndGlobal
